// !$*UTF8*$!
{
	archiveVersion = 1;
	classes = {
	};
	objectVersion = 56;
	objects = {

/* Begin PBXBuildFile section */
		DCF8B4C92945B63F00E9596D /* SwiftUI_Lecture_2App.swift in Sources */ = {isa = PBXBuildFile; fileRef = DCF8B4C82945B63F00E9596D /* SwiftUI_Lecture_2App.swift */; };
		DCF8B4CB2945B63F00E9596D /* ContentView.swift in Sources */ = {isa = PBXBuildFile; fileRef = DCF8B4CA2945B63F00E9596D /* ContentView.swift */; };
		DCF8B4CD2945B64000E9596D /* Assets.xcassets in Resources */ = {isa = PBXBuildFile; fileRef = DCF8B4CC2945B64000E9596D /* Assets.xcassets */; };
		DCF8B4D02945B64000E9596D /* Preview Assets.xcassets in Resources */ = {isa = PBXBuildFile; fileRef = DCF8B4CF2945B64000E9596D /* Preview Assets.xcassets */; };
		DCF8B4DA2945B64000E9596D /* SwiftUI_Lecture_2Tests.swift in Sources */ = {isa = PBXBuildFile; fileRef = DCF8B4D92945B64000E9596D /* SwiftUI_Lecture_2Tests.swift */; };
		DCF8B4E42945B64000E9596D /* SwiftUI_Lecture_2UITests.swift in Sources */ = {isa = PBXBuildFile; fileRef = DCF8B4E32945B64000E9596D /* SwiftUI_Lecture_2UITests.swift */; };
		DCF8B4E62945B64000E9596D /* SwiftUI_Lecture_2UITestsLaunchTests.swift in Sources */ = {isa = PBXBuildFile; fileRef = DCF8B4E52945B64000E9596D /* SwiftUI_Lecture_2UITestsLaunchTests.swift */; };
/* End PBXBuildFile section */

/* Begin PBXContainerItemProxy section */
		DCF8B4D62945B64000E9596D /* PBXContainerItemProxy */ = {
			isa = PBXContainerItemProxy;
			containerPortal = DCF8B4BD2945B63F00E9596D /* Project object */;
			proxyType = 1;
			remoteGlobalIDString = DCF8B4C42945B63F00E9596D;
			remoteInfo = Swift_Lecture_2;
		};
		DCF8B4E02945B64000E9596D /* PBXContainerItemProxy */ = {
			isa = PBXContainerItemProxy;
			containerPortal = DCF8B4BD2945B63F00E9596D /* Project object */;
			proxyType = 1;
			remoteGlobalIDString = DCF8B4C42945B63F00E9596D;
			remoteInfo = Swift_Lecture_2;
		};
/* End PBXContainerItemProxy section */

/* Begin PBXFileReference section */
		DCF8B4C52945B63F00E9596D /* Swift_Lecture_2.app */ = {isa = PBXFileReference; explicitFileType = wrapper.application; includeInIndex = 0; path = Swift_Lecture_2.app; sourceTree = BUILT_PRODUCTS_DIR; };
		DCF8B4C82945B63F00E9596D /* SwiftUI_Lecture_2App.swift */ = {isa = PBXFileReference; lastKnownFileType = sourcecode.swift; path = SwiftUI_Lecture_2App.swift; sourceTree = "<group>"; };
		DCF8B4CA2945B63F00E9596D /* ContentView.swift */ = {isa = PBXFileReference; lastKnownFileType = sourcecode.swift; path = ContentView.swift; sourceTree = "<group>"; };
		DCF8B4CC2945B64000E9596D /* Assets.xcassets */ = {isa = PBXFileReference; lastKnownFileType = folder.assetcatalog; path = Assets.xcassets; sourceTree = "<group>"; };
		DCF8B4CF2945B64000E9596D /* Preview Assets.xcassets */ = {isa = PBXFileReference; lastKnownFileType = folder.assetcatalog; path = "Preview Assets.xcassets"; sourceTree = "<group>"; };
		DCF8B4D52945B64000E9596D /* Swift_Lecture_2Tests.xctest */ = {isa = PBXFileReference; explicitFileType = wrapper.cfbundle; includeInIndex = 0; path = Swift_Lecture_2Tests.xctest; sourceTree = BUILT_PRODUCTS_DIR; };
		DCF8B4D92945B64000E9596D /* SwiftUI_Lecture_2Tests.swift */ = {isa = PBXFileReference; lastKnownFileType = sourcecode.swift; path = SwiftUI_Lecture_2Tests.swift; sourceTree = "<group>"; };
		DCF8B4DF2945B64000E9596D /* Swift_Lecture_2UITests.xctest */ = {isa = PBXFileReference; explicitFileType = wrapper.cfbundle; includeInIndex = 0; path = Swift_Lecture_2UITests.xctest; sourceTree = BUILT_PRODUCTS_DIR; };
		DCF8B4E32945B64000E9596D /* SwiftUI_Lecture_2UITests.swift */ = {isa = PBXFileReference; lastKnownFileType = sourcecode.swift; path = SwiftUI_Lecture_2UITests.swift; sourceTree = "<group>"; };
		DCF8B4E52945B64000E9596D /* SwiftUI_Lecture_2UITestsLaunchTests.swift */ = {isa = PBXFileReference; lastKnownFileType = sourcecode.swift; path = SwiftUI_Lecture_2UITestsLaunchTests.swift; sourceTree = "<group>"; };
/* End PBXFileReference section */

/* Begin PBXFrameworksBuildPhase section */
		DCF8B4C22945B63F00E9596D /* Frameworks */ = {
			isa = PBXFrameworksBuildPhase;
			buildActionMask = 2147483647;
			files = (
			);
			runOnlyForDeploymentPostprocessing = 0;
		};
		DCF8B4D22945B64000E9596D /* Frameworks */ = {
			isa = PBXFrameworksBuildPhase;
			buildActionMask = 2147483647;
			files = (
			);
			runOnlyForDeploymentPostprocessing = 0;
		};
		DCF8B4DC2945B64000E9596D /* Frameworks */ = {
			isa = PBXFrameworksBuildPhase;
			buildActionMask = 2147483647;
			files = (
			);
			runOnlyForDeploymentPostprocessing = 0;
		};
/* End PBXFrameworksBuildPhase section */

/* Begin PBXGroup section */
		DCF8B4BC2945B63F00E9596D = {
			isa = PBXGroup;
			children = (
				DCF8B4C72945B63F00E9596D /* SwiftUI_Lecture_2 */,
				DCF8B4D82945B64000E9596D /* SwiftUI_Lecture_2Tests */,
				DCF8B4E22945B64000E9596D /* SwiftUI_Lecture_2UITests */,
				DCF8B4C62945B63F00E9596D /* Products */,
			);
			sourceTree = "<group>";
		};
		DCF8B4C62945B63F00E9596D /* Products */ = {
			isa = PBXGroup;
			children = (
				DCF8B4C52945B63F00E9596D /* Swift_Lecture_2.app */,
				DCF8B4D52945B64000E9596D /* Swift_Lecture_2Tests.xctest */,
				DCF8B4DF2945B64000E9596D /* Swift_Lecture_2UITests.xctest */,
			);
			name = Products;
			sourceTree = "<group>";
		};
		DCF8B4C72945B63F00E9596D /* SwiftUI_Lecture_2 */ = {
			isa = PBXGroup;
			children = (
				DCF8B4C82945B63F00E9596D /* SwiftUI_Lecture_2App.swift */,
				DCF8B4CA2945B63F00E9596D /* ContentView.swift */,
				DCF8B4CC2945B64000E9596D /* Assets.xcassets */,
				DCF8B4CE2945B64000E9596D /* Preview Content */,
			);
			path = SwiftUI_Lecture_2;
			sourceTree = "<group>";
		};
		DCF8B4CE2945B64000E9596D /* Preview Content */ = {
			isa = PBXGroup;
			children = (
				DCF8B4CF2945B64000E9596D /* Preview Assets.xcassets */,
			);
			path = "Preview Content";
			sourceTree = "<group>";
		};
		DCF8B4D82945B64000E9596D /* SwiftUI_Lecture_2Tests */ = {
			isa = PBXGroup;
			children = (
				DCF8B4D92945B64000E9596D /* SwiftUI_Lecture_2Tests.swift */,
			);
			path = SwiftUI_Lecture_2Tests;
			sourceTree = "<group>";
		};
		DCF8B4E22945B64000E9596D /* SwiftUI_Lecture_2UITests */ = {
			isa = PBXGroup;
			children = (
				DCF8B4E32945B64000E9596D /* SwiftUI_Lecture_2UITests.swift */,
				DCF8B4E52945B64000E9596D /* SwiftUI_Lecture_2UITestsLaunchTests.swift */,
			);
			path = SwiftUI_Lecture_2UITests;
			sourceTree = "<group>";
		};
/* End PBXGroup section */

/* Begin PBXNativeTarget section */
		DCF8B4C42945B63F00E9596D /* Swift_Lecture_2 */ = {
			isa = PBXNativeTarget;
			buildConfigurationList = DCF8B4E92945B64000E9596D /* Build configuration list for PBXNativeTarget "Swift_Lecture_2" */;
			buildPhases = (
				DCF8B4C12945B63F00E9596D /* Sources */,
				DCF8B4C22945B63F00E9596D /* Frameworks */,
				DCF8B4C32945B63F00E9596D /* Resources */,
			);
			buildRules = (
			);
			dependencies = (
			);
			name = Swift_Lecture_2;
			productName = Swift_Lecture_2;
			productReference = DCF8B4C52945B63F00E9596D /* Swift_Lecture_2.app */;
			productType = "com.apple.product-type.application";
		};
		DCF8B4D42945B64000E9596D /* Swift_Lecture_2Tests */ = {
			isa = PBXNativeTarget;
			buildConfigurationList = DCF8B4EC2945B64000E9596D /* Build configuration list for PBXNativeTarget "Swift_Lecture_2Tests" */;
			buildPhases = (
				DCF8B4D12945B64000E9596D /* Sources */,
				DCF8B4D22945B64000E9596D /* Frameworks */,
				DCF8B4D32945B64000E9596D /* Resources */,
			);
			buildRules = (
			);
			dependencies = (
				DCF8B4D72945B64000E9596D /* PBXTargetDependency */,
			);
			name = Swift_Lecture_2Tests;
			productName = Swift_Lecture_2Tests;
			productReference = DCF8B4D52945B64000E9596D /* Swift_Lecture_2Tests.xctest */;
			productType = "com.apple.product-type.bundle.unit-test";
		};
		DCF8B4DE2945B64000E9596D /* Swift_Lecture_2UITests */ = {
			isa = PBXNativeTarget;
			buildConfigurationList = DCF8B4EF2945B64000E9596D /* Build configuration list for PBXNativeTarget "Swift_Lecture_2UITests" */;
			buildPhases = (
				DCF8B4DB2945B64000E9596D /* Sources */,
				DCF8B4DC2945B64000E9596D /* Frameworks */,
				DCF8B4DD2945B64000E9596D /* Resources */,
			);
			buildRules = (
			);
			dependencies = (
				DCF8B4E12945B64000E9596D /* PBXTargetDependency */,
			);
			name = Swift_Lecture_2UITests;
			productName = Swift_Lecture_2UITests;
			productReference = DCF8B4DF2945B64000E9596D /* Swift_Lecture_2UITests.xctest */;
			productType = "com.apple.product-type.bundle.ui-testing";
		};
/* End PBXNativeTarget section */

/* Begin PBXProject section */
		DCF8B4BD2945B63F00E9596D /* Project object */ = {
			isa = PBXProject;
			attributes = {
				BuildIndependentTargetsInParallel = 1;
				LastSwiftUpdateCheck = 1410;
				LastUpgradeCheck = 1410;
				TargetAttributes = {
					DCF8B4C42945B63F00E9596D = {
						CreatedOnToolsVersion = 14.1;
					};
					DCF8B4D42945B64000E9596D = {
						CreatedOnToolsVersion = 14.1;
						TestTargetID = DCF8B4C42945B63F00E9596D;
					};
					DCF8B4DE2945B64000E9596D = {
						CreatedOnToolsVersion = 14.1;
						TestTargetID = DCF8B4C42945B63F00E9596D;
					};
				};
			};
			buildConfigurationList = DCF8B4C02945B63F00E9596D /* Build configuration list for PBXProject "SwiftUI_Lecture_2" */;
			compatibilityVersion = "Xcode 14.0";
			developmentRegion = en;
			hasScannedForEncodings = 0;
			knownRegions = (
				en,
				Base,
			);
			mainGroup = DCF8B4BC2945B63F00E9596D;
			productRefGroup = DCF8B4C62945B63F00E9596D /* Products */;
			projectDirPath = "";
			projectRoot = "";
			targets = (
				DCF8B4C42945B63F00E9596D /* Swift_Lecture_2 */,
				DCF8B4D42945B64000E9596D /* Swift_Lecture_2Tests */,
				DCF8B4DE2945B64000E9596D /* Swift_Lecture_2UITests */,
			);
		};
/* End PBXProject section */

/* Begin PBXResourcesBuildPhase section */
		DCF8B4C32945B63F00E9596D /* Resources */ = {
			isa = PBXResourcesBuildPhase;
			buildActionMask = 2147483647;
			files = (
				DCF8B4D02945B64000E9596D /* Preview Assets.xcassets in Resources */,
				DCF8B4CD2945B64000E9596D /* Assets.xcassets in Resources */,
			);
			runOnlyForDeploymentPostprocessing = 0;
		};
		DCF8B4D32945B64000E9596D /* Resources */ = {
			isa = PBXResourcesBuildPhase;
			buildActionMask = 2147483647;
			files = (
			);
			runOnlyForDeploymentPostprocessing = 0;
		};
		DCF8B4DD2945B64000E9596D /* Resources */ = {
			isa = PBXResourcesBuildPhase;
			buildActionMask = 2147483647;
			files = (
			);
			runOnlyForDeploymentPostprocessing = 0;
		};
/* End PBXResourcesBuildPhase section */

/* Begin PBXSourcesBuildPhase section */
		DCF8B4C12945B63F00E9596D /* Sources */ = {
			isa = PBXSourcesBuildPhase;
			buildActionMask = 2147483647;
			files = (
				DCF8B4CB2945B63F00E9596D /* ContentView.swift in Sources */,
				DCF8B4C92945B63F00E9596D /* SwiftUI_Lecture_2App.swift in Sources */,
			);
			runOnlyForDeploymentPostprocessing = 0;
		};
		DCF8B4D12945B64000E9596D /* Sources */ = {
			isa = PBXSourcesBuildPhase;
			buildActionMask = 2147483647;
			files = (
				DCF8B4DA2945B64000E9596D /* SwiftUI_Lecture_2Tests.swift in Sources */,
			);
			runOnlyForDeploymentPostprocessing = 0;
		};
		DCF8B4DB2945B64000E9596D /* Sources */ = {
			isa = PBXSourcesBuildPhase;
			buildActionMask = 2147483647;
			files = (
				DCF8B4E62945B64000E9596D /* SwiftUI_Lecture_2UITestsLaunchTests.swift in Sources */,
				DCF8B4E42945B64000E9596D /* SwiftUI_Lecture_2UITests.swift in Sources */,
			);
			runOnlyForDeploymentPostprocessing = 0;
		};
/* End PBXSourcesBuildPhase section */

/* Begin PBXTargetDependency section */
		DCF8B4D72945B64000E9596D /* PBXTargetDependency */ = {
			isa = PBXTargetDependency;
			target = DCF8B4C42945B63F00E9596D /* Swift_Lecture_2 */;
			targetProxy = DCF8B4D62945B64000E9596D /* PBXContainerItemProxy */;
		};
		DCF8B4E12945B64000E9596D /* PBXTargetDependency */ = {
			isa = PBXTargetDependency;
			target = DCF8B4C42945B63F00E9596D /* Swift_Lecture_2 */;
			targetProxy = DCF8B4E02945B64000E9596D /* PBXContainerItemProxy */;
		};
/* End PBXTargetDependency section */

/* Begin XCBuildConfiguration section */
		DCF8B4E72945B64000E9596D /* Debug */ = {
			isa = XCBuildConfiguration;
			buildSettings = {
				ALWAYS_SEARCH_USER_PATHS = NO;
				CLANG_ANALYZER_NONNULL = YES;
				CLANG_ANALYZER_NUMBER_OBJECT_CONVERSION = YES_AGGRESSIVE;
				CLANG_CXX_LANGUAGE_STANDARD = "gnu++20";
				CLANG_ENABLE_MODULES = YES;
				CLANG_ENABLE_OBJC_ARC = YES;
				CLANG_ENABLE_OBJC_WEAK = YES;
				CLANG_WARN_BLOCK_CAPTURE_AUTORELEASING = YES;
				CLANG_WARN_BOOL_CONVERSION = YES;
				CLANG_WARN_COMMA = YES;
				CLANG_WARN_CONSTANT_CONVERSION = YES;
				CLANG_WARN_DEPRECATED_OBJC_IMPLEMENTATIONS = YES;
				CLANG_WARN_DIRECT_OBJC_ISA_USAGE = YES_ERROR;
				CLANG_WARN_DOCUMENTATION_COMMENTS = YES;
				CLANG_WARN_EMPTY_BODY = YES;
				CLANG_WARN_ENUM_CONVERSION = YES;
				CLANG_WARN_INFINITE_RECURSION = YES;
				CLANG_WARN_INT_CONVERSION = YES;
				CLANG_WARN_NON_LITERAL_NULL_CONVERSION = YES;
				CLANG_WARN_OBJC_IMPLICIT_RETAIN_SELF = YES;
				CLANG_WARN_OBJC_LITERAL_CONVERSION = YES;
				CLANG_WARN_OBJC_ROOT_CLASS = YES_ERROR;
				CLANG_WARN_QUOTED_INCLUDE_IN_FRAMEWORK_HEADER = YES;
				CLANG_WARN_RANGE_LOOP_ANALYSIS = YES;
				CLANG_WARN_STRICT_PROTOTYPES = YES;
				CLANG_WARN_SUSPICIOUS_MOVE = YES;
				CLANG_WARN_UNGUARDED_AVAILABILITY = YES_AGGRESSIVE;
				CLANG_WARN_UNREACHABLE_CODE = YES;
				CLANG_WARN__DUPLICATE_METHOD_MATCH = YES;
				COPY_PHASE_STRIP = NO;
				DEBUG_INFORMATION_FORMAT = dwarf;
				ENABLE_STRICT_OBJC_MSGSEND = YES;
				ENABLE_TESTABILITY = YES;
				GCC_C_LANGUAGE_STANDARD = gnu11;
				GCC_DYNAMIC_NO_PIC = NO;
				GCC_NO_COMMON_BLOCKS = YES;
				GCC_OPTIMIZATION_LEVEL = 0;
				GCC_PREPROCESSOR_DEFINITIONS = (
					"DEBUG=1",
					"$(inherited)",
				);
				GCC_WARN_64_TO_32_BIT_CONVERSION = YES;
				GCC_WARN_ABOUT_RETURN_TYPE = YES_ERROR;
				GCC_WARN_UNDECLARED_SELECTOR = YES;
				GCC_WARN_UNINITIALIZED_AUTOS = YES_AGGRESSIVE;
				GCC_WARN_UNUSED_FUNCTION = YES;
				GCC_WARN_UNUSED_VARIABLE = YES;
				IPHONEOS_DEPLOYMENT_TARGET = 16.1;
				MTL_ENABLE_DEBUG_INFO = INCLUDE_SOURCE;
				MTL_FAST_MATH = YES;
				ONLY_ACTIVE_ARCH = YES;
				SDKROOT = iphoneos;
				SWIFT_ACTIVE_COMPILATION_CONDITIONS = DEBUG;
				SWIFT_OPTIMIZATION_LEVEL = "-Onone";
			};
			name = Debug;
		};
		DCF8B4E82945B64000E9596D /* Release */ = {
			isa = XCBuildConfiguration;
			buildSettings = {
				ALWAYS_SEARCH_USER_PATHS = NO;
				CLANG_ANALYZER_NONNULL = YES;
				CLANG_ANALYZER_NUMBER_OBJECT_CONVERSION = YES_AGGRESSIVE;
				CLANG_CXX_LANGUAGE_STANDARD = "gnu++20";
				CLANG_ENABLE_MODULES = YES;
				CLANG_ENABLE_OBJC_ARC = YES;
				CLANG_ENABLE_OBJC_WEAK = YES;
				CLANG_WARN_BLOCK_CAPTURE_AUTORELEASING = YES;
				CLANG_WARN_BOOL_CONVERSION = YES;
				CLANG_WARN_COMMA = YES;
				CLANG_WARN_CONSTANT_CONVERSION = YES;
				CLANG_WARN_DEPRECATED_OBJC_IMPLEMENTATIONS = YES;
				CLANG_WARN_DIRECT_OBJC_ISA_USAGE = YES_ERROR;
				CLANG_WARN_DOCUMENTATION_COMMENTS = YES;
				CLANG_WARN_EMPTY_BODY = YES;
				CLANG_WARN_ENUM_CONVERSION = YES;
				CLANG_WARN_INFINITE_RECURSION = YES;
				CLANG_WARN_INT_CONVERSION = YES;
				CLANG_WARN_NON_LITERAL_NULL_CONVERSION = YES;
				CLANG_WARN_OBJC_IMPLICIT_RETAIN_SELF = YES;
				CLANG_WARN_OBJC_LITERAL_CONVERSION = YES;
				CLANG_WARN_OBJC_ROOT_CLASS = YES_ERROR;
				CLANG_WARN_QUOTED_INCLUDE_IN_FRAMEWORK_HEADER = YES;
				CLANG_WARN_RANGE_LOOP_ANALYSIS = YES;
				CLANG_WARN_STRICT_PROTOTYPES = YES;
				CLANG_WARN_SUSPICIOUS_MOVE = YES;
				CLANG_WARN_UNGUARDED_AVAILABILITY = YES_AGGRESSIVE;
				CLANG_WARN_UNREACHABLE_CODE = YES;
				CLANG_WARN__DUPLICATE_METHOD_MATCH = YES;
				COPY_PHASE_STRIP = NO;
				DEBUG_INFORMATION_FORMAT = "dwarf-with-dsym";
				ENABLE_NS_ASSERTIONS = NO;
				ENABLE_STRICT_OBJC_MSGSEND = YES;
				GCC_C_LANGUAGE_STANDARD = gnu11;
				GCC_NO_COMMON_BLOCKS = YES;
				GCC_WARN_64_TO_32_BIT_CONVERSION = YES;
				GCC_WARN_ABOUT_RETURN_TYPE = YES_ERROR;
				GCC_WARN_UNDECLARED_SELECTOR = YES;
				GCC_WARN_UNINITIALIZED_AUTOS = YES_AGGRESSIVE;
				GCC_WARN_UNUSED_FUNCTION = YES;
				GCC_WARN_UNUSED_VARIABLE = YES;
				IPHONEOS_DEPLOYMENT_TARGET = 16.1;
				MTL_ENABLE_DEBUG_INFO = NO;
				MTL_FAST_MATH = YES;
				SDKROOT = iphoneos;
				SWIFT_COMPILATION_MODE = wholemodule;
				SWIFT_OPTIMIZATION_LEVEL = "-O";
				VALIDATE_PRODUCT = YES;
			};
			name = Release;
		};
		DCF8B4EA2945B64000E9596D /* Debug */ = {
			isa = XCBuildConfiguration;
			buildSettings = {
				ASSETCATALOG_COMPILER_APPICON_NAME = AppIcon;
				ASSETCATALOG_COMPILER_GLOBAL_ACCENT_COLOR_NAME = AccentColor;
				CODE_SIGN_STYLE = Automatic;
				CURRENT_PROJECT_VERSION = 1;
				DEVELOPMENT_ASSET_PATHS = "\"SwiftUI_Lecture_2/Preview Content\"";
				DEVELOPMENT_TEAM = 87NQ3CPZUA;
				ENABLE_PREVIEWS = YES;
				GENERATE_INFOPLIST_FILE = YES;
				INFOPLIST_KEY_UIApplicationSceneManifest_Generation = YES;
				INFOPLIST_KEY_UIApplicationSupportsIndirectInputEvents = YES;
				INFOPLIST_KEY_UILaunchScreen_Generation = YES;
				INFOPLIST_KEY_UISupportedInterfaceOrientations_iPad = "UIInterfaceOrientationPortrait UIInterfaceOrientationPortraitUpsideDown UIInterfaceOrientationLandscapeLeft UIInterfaceOrientationLandscapeRight";
				INFOPLIST_KEY_UISupportedInterfaceOrientations_iPhone = "UIInterfaceOrientationPortrait UIInterfaceOrientationLandscapeLeft UIInterfaceOrientationLandscapeRight";
				LD_RUNPATH_SEARCH_PATHS = (
					"$(inherited)",
					"@executable_path/Frameworks",
				);
				MARKETING_VERSION = 1.0;
				PRODUCT_BUNDLE_IDENTIFIER = "com.swiftui.Swift-Lecture-2";
				PRODUCT_NAME = "$(TARGET_NAME)";
				SWIFT_EMIT_LOC_STRINGS = YES;
				SWIFT_VERSION = 5.0;
				TARGETED_DEVICE_FAMILY = "1,2";
			};
			name = Debug;
		};
		DCF8B4EB2945B64000E9596D /* Release */ = {
			isa = XCBuildConfiguration;
			buildSettings = {
				ASSETCATALOG_COMPILER_APPICON_NAME = AppIcon;
				ASSETCATALOG_COMPILER_GLOBAL_ACCENT_COLOR_NAME = AccentColor;
				CODE_SIGN_STYLE = Automatic;
				CURRENT_PROJECT_VERSION = 1;
				DEVELOPMENT_ASSET_PATHS = "\"SwiftUI_Lecture_2/Preview Content\"";
				DEVELOPMENT_TEAM = 87NQ3CPZUA;
				ENABLE_PREVIEWS = YES;
				GENERATE_INFOPLIST_FILE = YES;
				INFOPLIST_KEY_UIApplicationSceneManifest_Generation = YES;
				INFOPLIST_KEY_UIApplicationSupportsIndirectInputEvents = YES;
				INFOPLIST_KEY_UILaunchScreen_Generation = YES;
				INFOPLIST_KEY_UISupportedInterfaceOrientations_iPad = "UIInterfaceOrientationPortrait UIInterfaceOrientationPortraitUpsideDown UIInterfaceOrientationLandscapeLeft UIInterfaceOrientationLandscapeRight";
				INFOPLIST_KEY_UISupportedInterfaceOrientations_iPhone = "UIInterfaceOrientationPortrait UIInterfaceOrientationLandscapeLeft UIInterfaceOrientationLandscapeRight";
				LD_RUNPATH_SEARCH_PATHS = (
					"$(inherited)",
					"@executable_path/Frameworks",
				);
				MARKETING_VERSION = 1.0;
				PRODUCT_BUNDLE_IDENTIFIER = "com.swiftui.Swift-Lecture-2";
				PRODUCT_NAME = "$(TARGET_NAME)";
				SWIFT_EMIT_LOC_STRINGS = YES;
				SWIFT_VERSION = 5.0;
				TARGETED_DEVICE_FAMILY = "1,2";
			};
			name = Release;
		};
		DCF8B4ED2945B64000E9596D /* Debug */ = {
			isa = XCBuildConfiguration;
			buildSettings = {
				ALWAYS_EMBED_SWIFT_STANDARD_LIBRARIES = YES;
				BUNDLE_LOADER = "$(TEST_HOST)";
				CODE_SIGN_STYLE = Automatic;
				CURRENT_PROJECT_VERSION = 1;
				DEVELOPMENT_TEAM = 87NQ3CPZUA;
				GENERATE_INFOPLIST_FILE = YES;
				IPHONEOS_DEPLOYMENT_TARGET = 16.1;
				MARKETING_VERSION = 1.0;
				PRODUCT_BUNDLE_IDENTIFIER = "com.swiftui.Swift-Lecture-2Tests";
				PRODUCT_NAME = "$(TARGET_NAME)";
				SWIFT_EMIT_LOC_STRINGS = NO;
				SWIFT_VERSION = 5.0;
				TARGETED_DEVICE_FAMILY = "1,2";
				TEST_HOST = "$(BUILT_PRODUCTS_DIR)/Swift_Lecture_2.app/$(BUNDLE_EXECUTABLE_FOLDER_PATH)/Swift_Lecture_2";
			};
			name = Debug;
		};
		DCF8B4EE2945B64000E9596D /* Release */ = {
			isa = XCBuildConfiguration;
			buildSettings = {
				ALWAYS_EMBED_SWIFT_STANDARD_LIBRARIES = YES;
				BUNDLE_LOADER = "$(TEST_HOST)";
				CODE_SIGN_STYLE = Automatic;
				CURRENT_PROJECT_VERSION = 1;
				DEVELOPMENT_TEAM = 87NQ3CPZUA;
				GENERATE_INFOPLIST_FILE = YES;
				IPHONEOS_DEPLOYMENT_TARGET = 16.1;
				MARKETING_VERSION = 1.0;
				PRODUCT_BUNDLE_IDENTIFIER = "com.swiftui.Swift-Lecture-2Tests";
				PRODUCT_NAME = "$(TARGET_NAME)";
				SWIFT_EMIT_LOC_STRINGS = NO;
				SWIFT_VERSION = 5.0;
				TARGETED_DEVICE_FAMILY = "1,2";
				TEST_HOST = "$(BUILT_PRODUCTS_DIR)/Swift_Lecture_2.app/$(BUNDLE_EXECUTABLE_FOLDER_PATH)/Swift_Lecture_2";
			};
			name = Release;
		};
		DCF8B4F02945B64000E9596D /* Debug */ = {
			isa = XCBuildConfiguration;
			buildSettings = {
				ALWAYS_EMBED_SWIFT_STANDARD_LIBRARIES = YES;
				CODE_SIGN_STYLE = Automatic;
				CURRENT_PROJECT_VERSION = 1;
				DEVELOPMENT_TEAM = 87NQ3CPZUA;
				GENERATE_INFOPLIST_FILE = YES;
				MARKETING_VERSION = 1.0;
				PRODUCT_BUNDLE_IDENTIFIER = "com.swiftui.Swift-Lecture-2UITests";
				PRODUCT_NAME = "$(TARGET_NAME)";
				SWIFT_EMIT_LOC_STRINGS = NO;
				SWIFT_VERSION = 5.0;
				TARGETED_DEVICE_FAMILY = "1,2";
				TEST_TARGET_NAME = Swift_Lecture_2;
			};
			name = Debug;
		};
		DCF8B4F12945B64000E9596D /* Release */ = {
			isa = XCBuildConfiguration;
			buildSettings = {
				ALWAYS_EMBED_SWIFT_STANDARD_LIBRARIES = YES;
				CODE_SIGN_STYLE = Automatic;
				CURRENT_PROJECT_VERSION = 1;
				DEVELOPMENT_TEAM = 87NQ3CPZUA;
				GENERATE_INFOPLIST_FILE = YES;
				MARKETING_VERSION = 1.0;
				PRODUCT_BUNDLE_IDENTIFIER = "com.swiftui.Swift-Lecture-2UITests";
				PRODUCT_NAME = "$(TARGET_NAME)";
				SWIFT_EMIT_LOC_STRINGS = NO;
				SWIFT_VERSION = 5.0;
				TARGETED_DEVICE_FAMILY = "1,2";
				TEST_TARGET_NAME = Swift_Lecture_2;
			};
			name = Release;
		};
/* End XCBuildConfiguration section */

/* Begin XCConfigurationList section */
		DCF8B4C02945B63F00E9596D /* Build configuration list for PBXProject "SwiftUI_Lecture_2" */ = {
			isa = XCConfigurationList;
			buildConfigurations = (
				DCF8B4E72945B64000E9596D /* Debug */,
				DCF8B4E82945B64000E9596D /* Release */,
			);
			defaultConfigurationIsVisible = 0;
			defaultConfigurationName = Release;
		};
		DCF8B4E92945B64000E9596D /* Build configuration list for PBXNativeTarget "Swift_Lecture_2" */ = {
			isa = XCConfigurationList;
			buildConfigurations = (
				DCF8B4EA2945B64000E9596D /* Debug */,
				DCF8B4EB2945B64000E9596D /* Release */,
			);
			defaultConfigurationIsVisible = 0;
			defaultConfigurationName = Release;
		};
		DCF8B4EC2945B64000E9596D /* Build configuration list for PBXNativeTarget "Swift_Lecture_2Tests" */ = {
			isa = XCConfigurationList;
			buildConfigurations = (
				DCF8B4ED2945B64000E9596D /* Debug */,
				DCF8B4EE2945B64000E9596D /* Release */,
			);
			defaultConfigurationIsVisible = 0;
			defaultConfigurationName = Release;
		};
		DCF8B4EF2945B64000E9596D /* Build configuration list for PBXNativeTarget "Swift_Lecture_2UITests" */ = {
			isa = XCConfigurationList;
			buildConfigurations = (
				DCF8B4F02945B64000E9596D /* Debug */,
				DCF8B4F12945B64000E9596D /* Release */,
			);
			defaultConfigurationIsVisible = 0;
			defaultConfigurationName = Release;
		};
/* End XCConfigurationList section */
	};
	rootObject = DCF8B4BD2945B63F00E9596D /* Project object */;
}
